
Microsoft Visual Studio Solution File, Format Version 12.00
Project("{FAE04EC0-301F-11D3-BF4B-00C04F79EFBC}") = "Domain", "Domain\Domain.csproj", "{9FA02CE0-BF25-429B-8C34-AAAA4A3C5A74}"
EndProject
Project("{FAE04EC0-301F-11D3-BF4B-00C04F79EFBC}") = "Sender.Services", "Sender.Services\Sender.Services.csproj", "{8D39E8B3-E88D-4660-B695-3A0DF22AE7A5}"
EndProject
Project("{FAE04EC0-301F-11D3-BF4B-00C04F79EFBC}") = "Sender.Services.Abstractions", "Sender.Services.Abstractions\Sender.Services.Abstractions.csproj", "{5129E7F8-9365-41C6-BB85-5E3F0E77939D}"
EndProject
Project("{2150E333-8FDC-42A3-9474-1A3956D46DE8}") = "Sender", "Sender", "{A7D3CEDB-630A-4312-99B3-7971F5FC8A07}"
EndProject
Project("{FAE04EC0-301F-11D3-BF4B-00C04F79EFBC}") = "PortManager", "PortManager\PortManager.csproj", "{A5859C2D-E8B6-4517-BAA3-D516B5C71CB4}"
EndProject
Project("{FAE04EC0-301F-11D3-BF4B-00C04F79EFBC}") = "PortManager.Abstractions", "PortManager.Abstractions\PortManager.Abstractions.csproj", "{D3941DDD-10B7-41DA-AF68-FB8262AF854B}"
EndProject
Project("{2150E333-8FDC-42A3-9474-1A3956D46DE8}") = "AES", "AES", "{D9EE5616-10D6-4C55-9555-4A484BB98FAE}"
EndProject
Project("{FAE04EC0-301F-11D3-BF4B-00C04F79EFBC}") = "AesService", "AesService\AesService.csproj", "{4FCA549A-250A-4FF4-8389-29A120B1663D}"
EndProject
Project("{FAE04EC0-301F-11D3-BF4B-00C04F79EFBC}") = "AesService.Abstractions", "AesService.Abstractions\AesService.Abstractions.csproj", "{4E5069B3-67DE-42AB-9A2C-697679EB4EC1}"
EndProject
Project("{FAE04EC0-301F-11D3-BF4B-00C04F79EFBC}") = "Shared", "Shared\Shared.csproj", "{3961876C-286F-4C75-8D7F-0CD368EBF17D}"
EndProject
Project("{2150E333-8FDC-42A3-9474-1A3956D46DE8}") = "Feed", "Feed", "{47F83F8F-EA11-46FF-9885-42A37F21D03A}"
EndProject
Project("{FAE04EC0-301F-11D3-BF4B-00C04F79EFBC}") = "Feed.Services", "Feed.Services\Feed.Services.csproj", "{CB46B981-7387-4383-87FB-40EF3F3F218A}"
EndProject
Project("{FAE04EC0-301F-11D3-BF4B-00C04F79EFBC}") = "Feed.Services.Abstractions", "Feed.Services.Abstractions\Feed.Services.Abstractions.csproj", "{DA9A127A-E142-49FA-A755-1FC773919DD4}"
EndProject
Project("{FAE04EC0-301F-11D3-BF4B-00C04F79EFBC}") = "FeedData", "FeedData\FeedData.csproj", "{F9350D8D-230A-42DB-98B7-EDCA998D210D}"
EndProject
Project("{FAE04EC0-301F-11D3-BF4B-00C04F79EFBC}") = "FeedData.Abstractions", "FeedData.Abstractions\FeedData.Abstractions.csproj", "{CD2AA73A-1097-40EF-A777-132B062A7803}"
EndProject
Project("{FAE04EC0-301F-11D3-BF4B-00C04F79EFBC}") = "SenderWebApi", "SenderWebApi\SenderWebApi.csproj", "{E1504DFF-B862-467F-B670-E0C7CB101503}"
EndProject
Project("{FAE04EC0-301F-11D3-BF4B-00C04F79EFBC}") = "FeedWebApi", "FeedWebApi\FeedWebApi.csproj", "{DE49FEC6-3036-44EA-9F73-C16C48867524}"
EndProject
Project("{FAE04EC0-301F-11D3-BF4B-00C04F79EFBC}") = "WebApiExtensions", "WebApiExtensions\WebApiExtensions.csproj", "{488A3E38-F14B-47C8-AF37-595A89707764}"
EndProject
Global
	GlobalSection(SolutionConfigurationPlatforms) = preSolution
		Debug|Any CPU = Debug|Any CPU
		Release|Any CPU = Release|Any CPU
	EndGlobalSection
	GlobalSection(ProjectConfigurationPlatforms) = postSolution
		{9FA02CE0-BF25-429B-8C34-AAAA4A3C5A74}.Debug|Any CPU.ActiveCfg = Debug|Any CPU
		{9FA02CE0-BF25-429B-8C34-AAAA4A3C5A74}.Debug|Any CPU.Build.0 = Debug|Any CPU
		{9FA02CE0-BF25-429B-8C34-AAAA4A3C5A74}.Release|Any CPU.ActiveCfg = Release|Any CPU
		{9FA02CE0-BF25-429B-8C34-AAAA4A3C5A74}.Release|Any CPU.Build.0 = Release|Any CPU
		{8D39E8B3-E88D-4660-B695-3A0DF22AE7A5}.Debug|Any CPU.ActiveCfg = Debug|Any CPU
		{8D39E8B3-E88D-4660-B695-3A0DF22AE7A5}.Debug|Any CPU.Build.0 = Debug|Any CPU
		{8D39E8B3-E88D-4660-B695-3A0DF22AE7A5}.Release|Any CPU.ActiveCfg = Release|Any CPU
		{8D39E8B3-E88D-4660-B695-3A0DF22AE7A5}.Release|Any CPU.Build.0 = Release|Any CPU
		{5129E7F8-9365-41C6-BB85-5E3F0E77939D}.Debug|Any CPU.ActiveCfg = Debug|Any CPU
		{5129E7F8-9365-41C6-BB85-5E3F0E77939D}.Debug|Any CPU.Build.0 = Debug|Any CPU
		{5129E7F8-9365-41C6-BB85-5E3F0E77939D}.Release|Any CPU.ActiveCfg = Release|Any CPU
		{5129E7F8-9365-41C6-BB85-5E3F0E77939D}.Release|Any CPU.Build.0 = Release|Any CPU
		{A5859C2D-E8B6-4517-BAA3-D516B5C71CB4}.Debug|Any CPU.ActiveCfg = Debug|Any CPU
		{A5859C2D-E8B6-4517-BAA3-D516B5C71CB4}.Debug|Any CPU.Build.0 = Debug|Any CPU
		{A5859C2D-E8B6-4517-BAA3-D516B5C71CB4}.Release|Any CPU.ActiveCfg = Release|Any CPU
		{A5859C2D-E8B6-4517-BAA3-D516B5C71CB4}.Release|Any CPU.Build.0 = Release|Any CPU
		{D3941DDD-10B7-41DA-AF68-FB8262AF854B}.Debug|Any CPU.ActiveCfg = Debug|Any CPU
		{D3941DDD-10B7-41DA-AF68-FB8262AF854B}.Debug|Any CPU.Build.0 = Debug|Any CPU
		{D3941DDD-10B7-41DA-AF68-FB8262AF854B}.Release|Any CPU.ActiveCfg = Release|Any CPU
		{D3941DDD-10B7-41DA-AF68-FB8262AF854B}.Release|Any CPU.Build.0 = Release|Any CPU
		{4FCA549A-250A-4FF4-8389-29A120B1663D}.Debug|Any CPU.ActiveCfg = Debug|Any CPU
		{4FCA549A-250A-4FF4-8389-29A120B1663D}.Debug|Any CPU.Build.0 = Debug|Any CPU
		{4FCA549A-250A-4FF4-8389-29A120B1663D}.Release|Any CPU.ActiveCfg = Release|Any CPU
		{4FCA549A-250A-4FF4-8389-29A120B1663D}.Release|Any CPU.Build.0 = Release|Any CPU
		{4E5069B3-67DE-42AB-9A2C-697679EB4EC1}.Debug|Any CPU.ActiveCfg = Debug|Any CPU
		{4E5069B3-67DE-42AB-9A2C-697679EB4EC1}.Debug|Any CPU.Build.0 = Debug|Any CPU
		{4E5069B3-67DE-42AB-9A2C-697679EB4EC1}.Release|Any CPU.ActiveCfg = Release|Any CPU
		{4E5069B3-67DE-42AB-9A2C-697679EB4EC1}.Release|Any CPU.Build.0 = Release|Any CPU
		{3961876C-286F-4C75-8D7F-0CD368EBF17D}.Debug|Any CPU.ActiveCfg = Debug|Any CPU
		{3961876C-286F-4C75-8D7F-0CD368EBF17D}.Debug|Any CPU.Build.0 = Debug|Any CPU
		{3961876C-286F-4C75-8D7F-0CD368EBF17D}.Release|Any CPU.ActiveCfg = Release|Any CPU
		{3961876C-286F-4C75-8D7F-0CD368EBF17D}.Release|Any CPU.Build.0 = Release|Any CPU
		{CB46B981-7387-4383-87FB-40EF3F3F218A}.Debug|Any CPU.ActiveCfg = Debug|Any CPU
		{CB46B981-7387-4383-87FB-40EF3F3F218A}.Debug|Any CPU.Build.0 = Debug|Any CPU
		{CB46B981-7387-4383-87FB-40EF3F3F218A}.Release|Any CPU.ActiveCfg = Release|Any CPU
		{CB46B981-7387-4383-87FB-40EF3F3F218A}.Release|Any CPU.Build.0 = Release|Any CPU
		{DA9A127A-E142-49FA-A755-1FC773919DD4}.Debug|Any CPU.ActiveCfg = Debug|Any CPU
		{DA9A127A-E142-49FA-A755-1FC773919DD4}.Debug|Any CPU.Build.0 = Debug|Any CPU
		{DA9A127A-E142-49FA-A755-1FC773919DD4}.Release|Any CPU.ActiveCfg = Release|Any CPU
		{DA9A127A-E142-49FA-A755-1FC773919DD4}.Release|Any CPU.Build.0 = Release|Any CPU
		{F9350D8D-230A-42DB-98B7-EDCA998D210D}.Debug|Any CPU.ActiveCfg = Debug|Any CPU
		{F9350D8D-230A-42DB-98B7-EDCA998D210D}.Debug|Any CPU.Build.0 = Debug|Any CPU
		{F9350D8D-230A-42DB-98B7-EDCA998D210D}.Release|Any CPU.ActiveCfg = Release|Any CPU
		{F9350D8D-230A-42DB-98B7-EDCA998D210D}.Release|Any CPU.Build.0 = Release|Any CPU
		{CD2AA73A-1097-40EF-A777-132B062A7803}.Debug|Any CPU.ActiveCfg = Debug|Any CPU
		{CD2AA73A-1097-40EF-A777-132B062A7803}.Debug|Any CPU.Build.0 = Debug|Any CPU
		{CD2AA73A-1097-40EF-A777-132B062A7803}.Release|Any CPU.ActiveCfg = Release|Any CPU
		{CD2AA73A-1097-40EF-A777-132B062A7803}.Release|Any CPU.Build.0 = Release|Any CPU
		{E1504DFF-B862-467F-B670-E0C7CB101503}.Debug|Any CPU.ActiveCfg = Debug|Any CPU
		{E1504DFF-B862-467F-B670-E0C7CB101503}.Debug|Any CPU.Build.0 = Debug|Any CPU
		{E1504DFF-B862-467F-B670-E0C7CB101503}.Release|Any CPU.ActiveCfg = Release|Any CPU
		{E1504DFF-B862-467F-B670-E0C7CB101503}.Release|Any CPU.Build.0 = Release|Any CPU
		{DE49FEC6-3036-44EA-9F73-C16C48867524}.Debug|Any CPU.ActiveCfg = Debug|Any CPU
		{DE49FEC6-3036-44EA-9F73-C16C48867524}.Debug|Any CPU.Build.0 = Debug|Any CPU
		{DE49FEC6-3036-44EA-9F73-C16C48867524}.Release|Any CPU.ActiveCfg = Release|Any CPU
		{DE49FEC6-3036-44EA-9F73-C16C48867524}.Release|Any CPU.Build.0 = Release|Any CPU
		{488A3E38-F14B-47C8-AF37-595A89707764}.Debug|Any CPU.ActiveCfg = Debug|Any CPU
		{488A3E38-F14B-47C8-AF37-595A89707764}.Debug|Any CPU.Build.0 = Debug|Any CPU
		{488A3E38-F14B-47C8-AF37-595A89707764}.Release|Any CPU.ActiveCfg = Release|Any CPU
		{488A3E38-F14B-47C8-AF37-595A89707764}.Release|Any CPU.Build.0 = Release|Any CPU
	EndGlobalSection
	GlobalSection(NestedProjects) = preSolution
		{8D39E8B3-E88D-4660-B695-3A0DF22AE7A5} = {A7D3CEDB-630A-4312-99B3-7971F5FC8A07}
		{5129E7F8-9365-41C6-BB85-5E3F0E77939D} = {A7D3CEDB-630A-4312-99B3-7971F5FC8A07}
		{A5859C2D-E8B6-4517-BAA3-D516B5C71CB4} = {A7D3CEDB-630A-4312-99B3-7971F5FC8A07}
		{D3941DDD-10B7-41DA-AF68-FB8262AF854B} = {A7D3CEDB-630A-4312-99B3-7971F5FC8A07}
		{4FCA549A-250A-4FF4-8389-29A120B1663D} = {D9EE5616-10D6-4C55-9555-4A484BB98FAE}
		{4E5069B3-67DE-42AB-9A2C-697679EB4EC1} = {D9EE5616-10D6-4C55-9555-4A484BB98FAE}
		{CB46B981-7387-4383-87FB-40EF3F3F218A} = {47F83F8F-EA11-46FF-9885-42A37F21D03A}
		{DA9A127A-E142-49FA-A755-1FC773919DD4} = {47F83F8F-EA11-46FF-9885-42A37F21D03A}
		{F9350D8D-230A-42DB-98B7-EDCA998D210D} = {47F83F8F-EA11-46FF-9885-42A37F21D03A}
		{CD2AA73A-1097-40EF-A777-132B062A7803} = {47F83F8F-EA11-46FF-9885-42A37F21D03A}
		{E1504DFF-B862-467F-B670-E0C7CB101503} = {A7D3CEDB-630A-4312-99B3-7971F5FC8A07}
		{DE49FEC6-3036-44EA-9F73-C16C48867524} = {47F83F8F-EA11-46FF-9885-42A37F21D03A}
	EndGlobalSection
EndGlobal
